
Microsoft Visual Studio Solution File, Format Version 12.00
# Visual Studio Version 17
VisualStudioVersion = 17.8.34525.116
MinimumVisualStudioVersion = 10.0.40219.1
Project("{FAE04EC0-301F-11D3-BF4B-00C04F79EFBC}") = "DefaultConstructor", "Constructor\DefaultConstructor.csproj", "{58298EDA-8F88-4BAF-BE07-8E9F05102725}"
EndProject
Project("{FAE04EC0-301F-11D3-BF4B-00C04F79EFBC}") = "ParameterizedConstructor", "ParameterizedConstructor\ParameterizedConstructor.csproj", "{D946B14A-04E1-455B-83C0-AB3E0EDE4A46}"
EndProject
Project("{FAE04EC0-301F-11D3-BF4B-00C04F79EFBC}") = "CopyConstructor", "CopyConstructor\CopyConstructor.csproj", "{13AF916E-7113-493E-BEE1-39D1A49E588F}"
EndProject
Project("{FAE04EC0-301F-11D3-BF4B-00C04F79EFBC}") = "PrivateConstructor", "PrivateConstructor\PrivateConstructor.csproj", "{266581AF-4E59-4F99-A656-421798655616}"
EndProject
Project("{FAE04EC0-301F-11D3-BF4B-00C04F79EFBC}") = "StaticConstructor", "StaticConstructor\StaticConstructor.csproj", "{402F781D-1BA2-4764-BDC7-A945A4FDAC36}"
EndProject
Global
	GlobalSection(SolutionConfigurationPlatforms) = preSolution
		Debug|Any CPU = Debug|Any CPU
		Release|Any CPU = Release|Any CPU
	EndGlobalSection
	GlobalSection(ProjectConfigurationPlatforms) = postSolution
		{58298EDA-8F88-4BAF-BE07-8E9F05102725}.Debug|Any CPU.ActiveCfg = Debug|Any CPU
		{58298EDA-8F88-4BAF-BE07-8E9F05102725}.Debug|Any CPU.Build.0 = Debug|Any CPU
		{58298EDA-8F88-4BAF-BE07-8E9F05102725}.Release|Any CPU.ActiveCfg = Release|Any CPU
		{58298EDA-8F88-4BAF-BE07-8E9F05102725}.Release|Any CPU.Build.0 = Release|Any CPU
		{D946B14A-04E1-455B-83C0-AB3E0EDE4A46}.Debug|Any CPU.ActiveCfg = Debug|Any CPU
		{D946B14A-04E1-455B-83C0-AB3E0EDE4A46}.Debug|Any CPU.Build.0 = Debug|Any CPU
		{D946B14A-04E1-455B-83C0-AB3E0EDE4A46}.Release|Any CPU.ActiveCfg = Release|Any CPU
		{D946B14A-04E1-455B-83C0-AB3E0EDE4A46}.Release|Any CPU.Build.0 = Release|Any CPU
		{13AF916E-7113-493E-BEE1-39D1A49E588F}.Debug|Any CPU.ActiveCfg = Debug|Any CPU
		{13AF916E-7113-493E-BEE1-39D1A49E588F}.Debug|Any CPU.Build.0 = Debug|Any CPU
		{13AF916E-7113-493E-BEE1-39D1A49E588F}.Release|Any CPU.ActiveCfg = Release|Any CPU
		{13AF916E-7113-493E-BEE1-39D1A49E588F}.Release|Any CPU.Build.0 = Release|Any CPU
		{266581AF-4E59-4F99-A656-421798655616}.Debug|Any CPU.ActiveCfg = Debug|Any CPU
		{266581AF-4E59-4F99-A656-421798655616}.Debug|Any CPU.Build.0 = Debug|Any CPU
		{266581AF-4E59-4F99-A656-421798655616}.Release|Any CPU.ActiveCfg = Release|Any CPU
		{266581AF-4E59-4F99-A656-421798655616}.Release|Any CPU.Build.0 = Release|Any CPU
		{402F781D-1BA2-4764-BDC7-A945A4FDAC36}.Debug|Any CPU.ActiveCfg = Debug|Any CPU
		{402F781D-1BA2-4764-BDC7-A945A4FDAC36}.Debug|Any CPU.Build.0 = Debug|Any CPU
		{402F781D-1BA2-4764-BDC7-A945A4FDAC36}.Release|Any CPU.ActiveCfg = Release|Any CPU
		{402F781D-1BA2-4764-BDC7-A945A4FDAC36}.Release|Any CPU.Build.0 = Release|Any CPU
	EndGlobalSection
	GlobalSection(SolutionProperties) = preSolution
		HideSolutionNode = FALSE
	EndGlobalSection
	GlobalSection(ExtensibilityGlobals) = postSolution
		SolutionGuid = {A18A3482-1CF9-4AFE-8563-53D8CCA93E60}
	EndGlobalSection
EndGlobal
