
Microsoft Visual Studio Solution File, Format Version 12.00
# Visual Studio Version 17
VisualStudioVersion = 17.8.34525.116
MinimumVisualStudioVersion = 10.0.40219.1
Project("{FAE04EC0-301F-11D3-BF4B-00C04F79EFBC}") = "LINQ", "LINQ\LINQ.csproj", "{8D210163-2229-45D1-8A04-51472A4EECF8}"
EndProject
Project("{FAE04EC0-301F-11D3-BF4B-00C04F79EFBC}") = "Lambda", "Lambda\Lambda.csproj", "{4DC11676-00D0-492C-A640-4CCC55362A32}"
EndProject
Project("{FAE04EC0-301F-11D3-BF4B-00C04F79EFBC}") = "Operators", "Operators\Operators.csproj", "{B9D0EB18-F85A-44FB-A2FF-2BF423EDD180}"
EndProject
Global
	GlobalSection(SolutionConfigurationPlatforms) = preSolution
		Debug|Any CPU = Debug|Any CPU
		Release|Any CPU = Release|Any CPU
	EndGlobalSection
	GlobalSection(ProjectConfigurationPlatforms) = postSolution
		{8D210163-2229-45D1-8A04-51472A4EECF8}.Debug|Any CPU.ActiveCfg = Debug|Any CPU
		{8D210163-2229-45D1-8A04-51472A4EECF8}.Debug|Any CPU.Build.0 = Debug|Any CPU
		{8D210163-2229-45D1-8A04-51472A4EECF8}.Release|Any CPU.ActiveCfg = Release|Any CPU
		{8D210163-2229-45D1-8A04-51472A4EECF8}.Release|Any CPU.Build.0 = Release|Any CPU
		{4DC11676-00D0-492C-A640-4CCC55362A32}.Debug|Any CPU.ActiveCfg = Debug|Any CPU
		{4DC11676-00D0-492C-A640-4CCC55362A32}.Debug|Any CPU.Build.0 = Debug|Any CPU
		{4DC11676-00D0-492C-A640-4CCC55362A32}.Release|Any CPU.ActiveCfg = Release|Any CPU
		{4DC11676-00D0-492C-A640-4CCC55362A32}.Release|Any CPU.Build.0 = Release|Any CPU
		{B9D0EB18-F85A-44FB-A2FF-2BF423EDD180}.Debug|Any CPU.ActiveCfg = Debug|Any CPU
		{B9D0EB18-F85A-44FB-A2FF-2BF423EDD180}.Debug|Any CPU.Build.0 = Debug|Any CPU
		{B9D0EB18-F85A-44FB-A2FF-2BF423EDD180}.Release|Any CPU.ActiveCfg = Release|Any CPU
		{B9D0EB18-F85A-44FB-A2FF-2BF423EDD180}.Release|Any CPU.Build.0 = Release|Any CPU
	EndGlobalSection
	GlobalSection(SolutionProperties) = preSolution
		HideSolutionNode = FALSE
	EndGlobalSection
	GlobalSection(ExtensibilityGlobals) = postSolution
		SolutionGuid = {9BC5172C-5FD2-4A6B-9E96-52DFCD9BC3DC}
	EndGlobalSection
EndGlobal
